{
    "version": 3,
    "terraform_version": "0.11.1",
    "serial": 4,
    "lineage": "a3ac024b-03bc-447d-b4c5-05e7e0c5968b",
    "modules": [
        {
            "path": [
                "root"
            ],
            "outputs": {},
            "resources": {
                "aws_vpc.main": {
                    "type": "aws_vpc",
                    "depends_on": [],
                    "primary": {
                        "id": "vpc-7b84671d",
                        "attributes": {
                            "assign_generated_ipv6_cidr_block": "false",
                            "cidr_block": "10.0.0.0/16",
                            "default_network_acl_id": "acl-a5b338c3",
                            "default_route_table_id": "rtb-0b25096d",
                            "default_security_group_id": "sg-ff5b7384",
                            "dhcp_options_id": "dopt-dfe0c1ba",
                            "enable_classiclink": "false",
                            "enable_classiclink_dns_support": "false",
                            "enable_dns_hostnames": "false",
                            "enable_dns_support": "true",
                            "id": "vpc-7b84671d",
                            "instance_tenancy": "default",
                            "main_route_table_id": "rtb-0b25096d",
                            "tags.%": "0"
                        },
                        "meta": {
                            "schema_version": "1"
                        },
                        "tainted": false
                    },
                    "deposed": [],
                    "provider": "provider.aws"
                }
            },
            "depends_on": []
        }
    ]
}
